
Microsoft Visual Studio Solution File, Format Version 12.00
# Visual Studio Version 16
VisualStudioVersion = 16.0.31112.23
MinimumVisualStudioVersion = 10.0.40219.1
Project("{9A19103F-16F7-4668-BE54-9A1E7A4F7556}") = "Models", "Models.csproj", "{615A1EAD-4CE8-4812-B1DE-F68299C98669}"
EndProject
Global
	GlobalSection(SolutionConfigurationPlatforms) = preSolution
		Debug|Any CPU = Debug|Any CPU
		Release|Any CPU = Release|Any CPU
	EndGlobalSection
	GlobalSection(ProjectConfigurationPlatforms) = postSolution
		{615A1EAD-4CE8-4812-B1DE-F68299C98669}.Debug|Any CPU.ActiveCfg = Debug|Any CPU
		{615A1EAD-4CE8-4812-B1DE-F68299C98669}.Debug|Any CPU.Build.0 = Debug|Any CPU
		{615A1EAD-4CE8-4812-B1DE-F68299C98669}.Release|Any CPU.ActiveCfg = Release|Any CPU
		{615A1EAD-4CE8-4812-B1DE-F68299C98669}.Release|Any CPU.Build.0 = Release|Any CPU
	EndGlobalSection
	GlobalSection(SolutionProperties) = preSolution
		HideSolutionNode = FALSE
	EndGlobalSection
	GlobalSection(ExtensibilityGlobals) = postSolution
		SolutionGuid = {2E622EA6-BF27-4F2D-8FE1-2F798F00A93F}
	EndGlobalSection
EndGlobal
